// !$*UTF8*$!
{
	archiveVersion = 1;
	classes = {
	};
	objectVersion = 50;
	objects = {

/* Begin PBXBuildFile section */
		5BA81D9B2232E1B70075E2BE /* fart.wav in Resources */ = {isa = PBXBuildFile; fileRef = 5BA81D982232E1B70075E2BE /* fart.wav */; };
		5BA81D9C2232E1B70075E2BE /* ding_ding.wav in Resources */ = {isa = PBXBuildFile; fileRef = 5BA81D992232E1B70075E2BE /* ding_ding.wav */; };
		5BA81D9D2232E1B70075E2BE /* oh_yeah.wav in Resources */ = {isa = PBXBuildFile; fileRef = 5BA81D9A2232E1B70075E2BE /* oh_yeah.wav */; };
		EA4A3993221687E400E4E68B /* AboutViewController.swift in Sources */ = {isa = PBXBuildFile; fileRef = EA4A3992221687E400E4E68B /* AboutViewController.swift */; };
		EA4A399522168B2C00E4E68B /* AuthorViewController.swift in Sources */ = {isa = PBXBuildFile; fileRef = EA4A399422168B2C00E4E68B /* AuthorViewController.swift */; };
		EA4A399722191A2400E4E68B /* appfile.html in Resources */ = {isa = PBXBuildFile; fileRef = EA4A399622191A2400E4E68B /* appfile.html */; };
		EAF1CA1922112CA300A39562 /* AppDelegate.swift in Sources */ = {isa = PBXBuildFile; fileRef = EAF1CA1822112CA300A39562 /* AppDelegate.swift */; };
		EAF1CA1B22112CA300A39562 /* ViewController.swift in Sources */ = {isa = PBXBuildFile; fileRef = EAF1CA1A22112CA300A39562 /* ViewController.swift */; };
		EAF1CA1E22112CA300A39562 /* Main.storyboard in Resources */ = {isa = PBXBuildFile; fileRef = EAF1CA1C22112CA300A39562 /* Main.storyboard */; };
		EAF1CA2022112CA500A39562 /* Assets.xcassets in Resources */ = {isa = PBXBuildFile; fileRef = EAF1CA1F22112CA500A39562 /* Assets.xcassets */; };
		EAF1CA2322112CA500A39562 /* LaunchScreen.storyboard in Resources */ = {isa = PBXBuildFile; fileRef = EAF1CA2122112CA500A39562 /* LaunchScreen.storyboard */; };
/* End PBXBuildFile section */

/* Begin PBXFileReference section */
		5BA81D982232E1B70075E2BE /* fart.wav */ = {isa = PBXFileReference; lastKnownFileType = audio.wav; path = fart.wav; sourceTree = "<group>"; };
		5BA81D992232E1B70075E2BE /* ding_ding.wav */ = {isa = PBXFileReference; lastKnownFileType = audio.wav; path = ding_ding.wav; sourceTree = "<group>"; };
		5BA81D9A2232E1B70075E2BE /* oh_yeah.wav */ = {isa = PBXFileReference; lastKnownFileType = audio.wav; path = oh_yeah.wav; sourceTree = "<group>"; };
		EA4A3992221687E400E4E68B /* AboutViewController.swift */ = {isa = PBXFileReference; lastKnownFileType = sourcecode.swift; path = AboutViewController.swift; sourceTree = "<group>"; };
		EA4A399422168B2C00E4E68B /* AuthorViewController.swift */ = {isa = PBXFileReference; lastKnownFileType = sourcecode.swift; path = AuthorViewController.swift; sourceTree = "<group>"; };
		EA4A399622191A2400E4E68B /* appfile.html */ = {isa = PBXFileReference; fileEncoding = 4; lastKnownFileType = text.html; path = appfile.html; sourceTree = "<group>"; };
		EAF1CA1522112CA300A39562 /* BullsEye.app */ = {isa = PBXFileReference; explicitFileType = wrapper.application; includeInIndex = 0; path = BullsEye.app; sourceTree = BUILT_PRODUCTS_DIR; };
		EAF1CA1822112CA300A39562 /* AppDelegate.swift */ = {isa = PBXFileReference; lastKnownFileType = sourcecode.swift; path = AppDelegate.swift; sourceTree = "<group>"; };
		EAF1CA1A22112CA300A39562 /* ViewController.swift */ = {isa = PBXFileReference; lastKnownFileType = sourcecode.swift; path = ViewController.swift; sourceTree = "<group>"; };
		EAF1CA1D22112CA300A39562 /* Base */ = {isa = PBXFileReference; lastKnownFileType = file.storyboard; name = Base; path = Base.lproj/Main.storyboard; sourceTree = "<group>"; };
		EAF1CA1F22112CA500A39562 /* Assets.xcassets */ = {isa = PBXFileReference; lastKnownFileType = folder.assetcatalog; path = Assets.xcassets; sourceTree = "<group>"; };
		EAF1CA2222112CA500A39562 /* Base */ = {isa = PBXFileReference; lastKnownFileType = file.storyboard; name = Base; path = Base.lproj/LaunchScreen.storyboard; sourceTree = "<group>"; };
		EAF1CA2422112CA500A39562 /* Info.plist */ = {isa = PBXFileReference; lastKnownFileType = text.plist.xml; path = Info.plist; sourceTree = "<group>"; };
/* End PBXFileReference section */

/* Begin PBXFrameworksBuildPhase section */
		EAF1CA1222112CA300A39562 /* Frameworks */ = {
			isa = PBXFrameworksBuildPhase;
			buildActionMask = 2147483647;
			files = (
			);
			runOnlyForDeploymentPostprocessing = 0;
		};
/* End PBXFrameworksBuildPhase section */

/* Begin PBXGroup section */
		EAF1CA0C22112CA300A39562 = {
			isa = PBXGroup;
			children = (
				EAF1CA1722112CA300A39562 /* BullsEye */,
				EAF1CA1622112CA300A39562 /* Products */,
			);
			sourceTree = "<group>";
		};
		EAF1CA1622112CA300A39562 /* Products */ = {
			isa = PBXGroup;
			children = (
				EAF1CA1522112CA300A39562 /* BullsEye.app */,
			);
			name = Products;
			sourceTree = "<group>";
		};
		EAF1CA1722112CA300A39562 /* BullsEye */ = {
			isa = PBXGroup;
			children = (
				5BA81D992232E1B70075E2BE /* ding_ding.wav */,
				5BA81D982232E1B70075E2BE /* fart.wav */,
				5BA81D9A2232E1B70075E2BE /* oh_yeah.wav */,
				EAF1CA1822112CA300A39562 /* AppDelegate.swift */,
				EAF1CA1A22112CA300A39562 /* ViewController.swift */,
				EA4A3992221687E400E4E68B /* AboutViewController.swift */,
				EAF1CA1C22112CA300A39562 /* Main.storyboard */,
				EA4A399422168B2C00E4E68B /* AuthorViewController.swift */,
				EAF1CA1F22112CA500A39562 /* Assets.xcassets */,
				EAF1CA2122112CA500A39562 /* LaunchScreen.storyboard */,
				EAF1CA2422112CA500A39562 /* Info.plist */,
				EA4A399622191A2400E4E68B /* appfile.html */,
			);
			path = BullsEye;
			sourceTree = "<group>";
		};
/* End PBXGroup section */

/* Begin PBXNativeTarget section */
		EAF1CA1422112CA300A39562 /* BullsEye */ = {
			isa = PBXNativeTarget;
			buildConfigurationList = EAF1CA2722112CA500A39562 /* Build configuration list for PBXNativeTarget "BullsEye" */;
			buildPhases = (
				EAF1CA1122112CA300A39562 /* Sources */,
				EAF1CA1222112CA300A39562 /* Frameworks */,
				EAF1CA1322112CA300A39562 /* Resources */,
			);
			buildRules = (
			);
			dependencies = (
			);
			name = BullsEye;
			productName = BullsEye;
			productReference = EAF1CA1522112CA300A39562 /* BullsEye.app */;
			productType = "com.apple.product-type.application";
		};
/* End PBXNativeTarget section */

/* Begin PBXProject section */
		EAF1CA0D22112CA300A39562 /* Project object */ = {
			isa = PBXProject;
			attributes = {
				LastSwiftUpdateCheck = 1010;
				LastUpgradeCheck = 1010;
				ORGANIZATIONNAME = "Orbit Networks";
				TargetAttributes = {
					EAF1CA1422112CA300A39562 = {
						CreatedOnToolsVersion = 10.1;
					};
				};
			};
			buildConfigurationList = EAF1CA1022112CA300A39562 /* Build configuration list for PBXProject "BullsEye" */;
			compatibilityVersion = "Xcode 9.3";
			developmentRegion = en;
			hasScannedForEncodings = 0;
			knownRegions = (
				en,
				Base,
			);
			mainGroup = EAF1CA0C22112CA300A39562;
			productRefGroup = EAF1CA1622112CA300A39562 /* Products */;
			projectDirPath = "";
			projectRoot = "";
			targets = (
				EAF1CA1422112CA300A39562 /* BullsEye */,
			);
		};
/* End PBXProject section */

/* Begin PBXResourcesBuildPhase section */
		EAF1CA1322112CA300A39562 /* Resources */ = {
			isa = PBXResourcesBuildPhase;
			buildActionMask = 2147483647;
			files = (
				5BA81D9B2232E1B70075E2BE /* fart.wav in Resources */,
				EAF1CA2322112CA500A39562 /* LaunchScreen.storyboard in Resources */,
				EA4A399722191A2400E4E68B /* appfile.html in Resources */,
				EAF1CA2022112CA500A39562 /* Assets.xcassets in Resources */,
				5BA81D9D2232E1B70075E2BE /* oh_yeah.wav in Resources */,
				5BA81D9C2232E1B70075E2BE /* ding_ding.wav in Resources */,
				EAF1CA1E22112CA300A39562 /* Main.storyboard in Resources */,
			);
			runOnlyForDeploymentPostprocessing = 0;
		};
/* End PBXResourcesBuildPhase section */

/* Begin PBXSourcesBuildPhase section */
		EAF1CA1122112CA300A39562 /* Sources */ = {
			isa = PBXSourcesBuildPhase;
			buildActionMask = 2147483647;
			files = (
				EA4A3993221687E400E4E68B /* AboutViewController.swift in Sources */,
				EAF1CA1B22112CA300A39562 /* ViewController.swift in Sources */,
				EAF1CA1922112CA300A39562 /* AppDelegate.swift in Sources */,
				EA4A399522168B2C00E4E68B /* AuthorViewController.swift in Sources */,
			);
			runOnlyForDeploymentPostprocessing = 0;
		};
/* End PBXSourcesBuildPhase section */

/* Begin PBXVariantGroup section */
		EAF1CA1C22112CA300A39562 /* Main.storyboard */ = {
			isa = PBXVariantGroup;
			children = (
				EAF1CA1D22112CA300A39562 /* Base */,
			);
			name = Main.storyboard;
			sourceTree = "<group>";
		};
		EAF1CA2122112CA500A39562 /* LaunchScreen.storyboard */ = {
			isa = PBXVariantGroup;
			children = (
				EAF1CA2222112CA500A39562 /* Base */,
			);
			name = LaunchScreen.storyboard;
			sourceTree = "<group>";
		};
/* End PBXVariantGroup section */

/* Begin XCBuildConfiguration section */
		EAF1CA2522112CA500A39562 /* Debug */ = {
			isa = XCBuildConfiguration;
			buildSettings = {
				ALWAYS_SEARCH_USER_PATHS = NO;
				CLANG_ANALYZER_NONNULL = YES;
				CLANG_ANALYZER_NUMBER_OBJECT_CONVERSION = YES_AGGRESSIVE;
				CLANG_CXX_LANGUAGE_STANDARD = "gnu++14";
				CLANG_CXX_LIBRARY = "libc++";
				CLANG_ENABLE_MODULES = YES;
				CLANG_ENABLE_OBJC_ARC = YES;
				CLANG_ENABLE_OBJC_WEAK = YES;
				CLANG_WARN_BLOCK_CAPTURE_AUTORELEASING = YES;
				CLANG_WARN_BOOL_CONVERSION = YES;
				CLANG_WARN_COMMA = YES;
				CLANG_WARN_CONSTANT_CONVERSION = YES;
				CLANG_WARN_DEPRECATED_OBJC_IMPLEMENTATIONS = YES;
				CLANG_WARN_DIRECT_OBJC_ISA_USAGE = YES_ERROR;
				CLANG_WARN_DOCUMENTATION_COMMENTS = YES;
				CLANG_WARN_EMPTY_BODY = YES;
				CLANG_WARN_ENUM_CONVERSION = YES;
				CLANG_WARN_INFINITE_RECURSION = YES;
				CLANG_WARN_INT_CONVERSION = YES;
				CLANG_WARN_NON_LITERAL_NULL_CONVERSION = YES;
				CLANG_WARN_OBJC_IMPLICIT_RETAIN_SELF = YES;
				CLANG_WARN_OBJC_LITERAL_CONVERSION = YES;
				CLANG_WARN_OBJC_ROOT_CLASS = YES_ERROR;
				CLANG_WARN_RANGE_LOOP_ANALYSIS = YES;
				CLANG_WARN_STRICT_PROTOTYPES = YES;
				CLANG_WARN_SUSPICIOUS_MOVE = YES;
				CLANG_WARN_UNGUARDED_AVAILABILITY = YES_AGGRESSIVE;
				CLANG_WARN_UNREACHABLE_CODE = YES;
				CLANG_WARN__DUPLICATE_METHOD_MATCH = YES;
				CODE_SIGN_IDENTITY = "iPhone Developer";
				COPY_PHASE_STRIP = NO;
				DEBUG_INFORMATION_FORMAT = dwarf;
				ENABLE_STRICT_OBJC_MSGSEND = YES;
				ENABLE_TESTABILITY = YES;
				GCC_C_LANGUAGE_STANDARD = gnu11;
				GCC_DYNAMIC_NO_PIC = NO;
				GCC_NO_COMMON_BLOCKS = YES;
				GCC_OPTIMIZATION_LEVEL = 0;
				GCC_PREPROCESSOR_DEFINITIONS = (
					"DEBUG=1",
					"$(inherited)",
				);
				GCC_WARN_64_TO_32_BIT_CONVERSION = YES;
				GCC_WARN_ABOUT_RETURN_TYPE = YES_ERROR;
				GCC_WARN_UNDECLARED_SELECTOR = YES;
				GCC_WARN_UNINITIALIZED_AUTOS = YES_AGGRESSIVE;
				GCC_WARN_UNUSED_FUNCTION = YES;
				GCC_WARN_UNUSED_VARIABLE = YES;
				IPHONEOS_DEPLOYMENT_TARGET = 12.1;
				MTL_ENABLE_DEBUG_INFO = INCLUDE_SOURCE;
				MTL_FAST_MATH = YES;
				ONLY_ACTIVE_ARCH = YES;
				SDKROOT = iphoneos;
				SWIFT_ACTIVE_COMPILATION_CONDITIONS = DEBUG;
				SWIFT_OPTIMIZATION_LEVEL = "-Onone";
			};
			name = Debug;
		};
		EAF1CA2622112CA500A39562 /* Release */ = {
			isa = XCBuildConfiguration;
			buildSettings = {
				ALWAYS_SEARCH_USER_PATHS = NO;
				CLANG_ANALYZER_NONNULL = YES;
				CLANG_ANALYZER_NUMBER_OBJECT_CONVERSION = YES_AGGRESSIVE;
				CLANG_CXX_LANGUAGE_STANDARD = "gnu++14";
				CLANG_CXX_LIBRARY = "libc++";
				CLANG_ENABLE_MODULES = YES;
				CLANG_ENABLE_OBJC_ARC = YES;
				CLANG_ENABLE_OBJC_WEAK = YES;
				CLANG_WARN_BLOCK_CAPTURE_AUTORELEASING = YES;
				CLANG_WARN_BOOL_CONVERSION = YES;
				CLANG_WARN_COMMA = YES;
				CLANG_WARN_CONSTANT_CONVERSION = YES;
				CLANG_WARN_DEPRECATED_OBJC_IMPLEMENTATIONS = YES;
				CLANG_WARN_DIRECT_OBJC_ISA_USAGE = YES_ERROR;
				CLANG_WARN_DOCUMENTATION_COMMENTS = YES;
				CLANG_WARN_EMPTY_BODY = YES;
				CLANG_WARN_ENUM_CONVERSION = YES;
				CLANG_WARN_INFINITE_RECURSION = YES;
				CLANG_WARN_INT_CONVERSION = YES;
				CLANG_WARN_NON_LITERAL_NULL_CONVERSION = YES;
				CLANG_WARN_OBJC_IMPLICIT_RETAIN_SELF = YES;
				CLANG_WARN_OBJC_LITERAL_CONVERSION = YES;
				CLANG_WARN_OBJC_ROOT_CLASS = YES_ERROR;
				CLANG_WARN_RANGE_LOOP_ANALYSIS = YES;
				CLANG_WARN_STRICT_PROTOTYPES = YES;
				CLANG_WARN_SUSPICIOUS_MOVE = YES;
				CLANG_WARN_UNGUARDED_AVAILABILITY = YES_AGGRESSIVE;
				CLANG_WARN_UNREACHABLE_CODE = YES;
				CLANG_WARN__DUPLICATE_METHOD_MATCH = YES;
				CODE_SIGN_IDENTITY = "iPhone Developer";
				COPY_PHASE_STRIP = NO;
				DEBUG_INFORMATION_FORMAT = "dwarf-with-dsym";
				ENABLE_NS_ASSERTIONS = NO;
				ENABLE_STRICT_OBJC_MSGSEND = YES;
				GCC_C_LANGUAGE_STANDARD = gnu11;
				GCC_NO_COMMON_BLOCKS = YES;
				GCC_WARN_64_TO_32_BIT_CONVERSION = YES;
				GCC_WARN_ABOUT_RETURN_TYPE = YES_ERROR;
				GCC_WARN_UNDECLARED_SELECTOR = YES;
				GCC_WARN_UNINITIALIZED_AUTOS = YES_AGGRESSIVE;
				GCC_WARN_UNUSED_FUNCTION = YES;
				GCC_WARN_UNUSED_VARIABLE = YES;
				IPHONEOS_DEPLOYMENT_TARGET = 12.1;
				MTL_ENABLE_DEBUG_INFO = NO;
				MTL_FAST_MATH = YES;
				SDKROOT = iphoneos;
				SWIFT_COMPILATION_MODE = wholemodule;
				SWIFT_OPTIMIZATION_LEVEL = "-O";
				VALIDATE_PRODUCT = YES;
			};
			name = Release;
		};
		EAF1CA2822112CA500A39562 /* Debug */ = {
			isa = XCBuildConfiguration;
			buildSettings = {
				ASSETCATALOG_COMPILER_APPICON_NAME = AppIcon;
				CODE_SIGN_STYLE = Automatic;
				DEVELOPMENT_TEAM = KMX5P29HH6;
				INFOPLIST_FILE = BullsEye/Info.plist;
				IPHONEOS_DEPLOYMENT_TARGET = 12.1;
				LD_RUNPATH_SEARCH_PATHS = (
					"$(inherited)",
					"@executable_path/Frameworks",
				);
				PRODUCT_BUNDLE_IDENTIFIER = com.yerko.BullsEye;
				PRODUCT_NAME = "$(TARGET_NAME)";
				SWIFT_VERSION = 4.2;
				TARGETED_DEVICE_FAMILY = "1,2";
			};
			name = Debug;
		};
		EAF1CA2922112CA500A39562 /* Release */ = {
			isa = XCBuildConfiguration;
			buildSettings = {
				ASSETCATALOG_COMPILER_APPICON_NAME = AppIcon;
				CODE_SIGN_STYLE = Automatic;
				DEVELOPMENT_TEAM = KMX5P29HH6;
				INFOPLIST_FILE = BullsEye/Info.plist;
				IPHONEOS_DEPLOYMENT_TARGET = 12.1;
				LD_RUNPATH_SEARCH_PATHS = (
					"$(inherited)",
					"@executable_path/Frameworks",
				);
				PRODUCT_BUNDLE_IDENTIFIER = com.yerko.BullsEye;
				PRODUCT_NAME = "$(TARGET_NAME)";
				SWIFT_VERSION = 4.2;
				TARGETED_DEVICE_FAMILY = "1,2";
			};
			name = Release;
		};
/* End XCBuildConfiguration section */

/* Begin XCConfigurationList section */
		EAF1CA1022112CA300A39562 /* Build configuration list for PBXProject "BullsEye" */ = {
			isa = XCConfigurationList;
			buildConfigurations = (
				EAF1CA2522112CA500A39562 /* Debug */,
				EAF1CA2622112CA500A39562 /* Release */,
			);
			defaultConfigurationIsVisible = 0;
			defaultConfigurationName = Release;
		};
		EAF1CA2722112CA500A39562 /* Build configuration list for PBXNativeTarget "BullsEye" */ = {
			isa = XCConfigurationList;
			buildConfigurations = (
				EAF1CA2822112CA500A39562 /* Debug */,
				EAF1CA2922112CA500A39562 /* Release */,
			);
			defaultConfigurationIsVisible = 0;
			defaultConfigurationName = Release;
		};
/* End XCConfigurationList section */
	};
	rootObject = EAF1CA0D22112CA300A39562 /* Project object */;
}
